
Microsoft Visual Studio Solution File, Format Version 12.00
# Visual Studio Version 17
VisualStudioVersion = 17.13.35825.156 d17.13
MinimumVisualStudioVersion = 10.0.40219.1
Project("{888888A0-9F3D-457C-B088-3A5042F75D52}") = "Prezentacja_memento", "Prezentacja_memento\Prezentacja_memento.pyproj", "{BBC45EF8-75CD-4F47-8604-FF8D4BA7DA88}"
EndProject
Global
	GlobalSection(SolutionConfigurationPlatforms) = preSolution
		Debug|Any CPU = Debug|Any CPU
		Release|Any CPU = Release|Any CPU
	EndGlobalSection
	GlobalSection(ProjectConfigurationPlatforms) = postSolution
		{BBC45EF8-75CD-4F47-8604-FF8D4BA7DA88}.Debug|Any CPU.ActiveCfg = Debug|Any CPU
		{BBC45EF8-75CD-4F47-8604-FF8D4BA7DA88}.Release|Any CPU.ActiveCfg = Release|Any CPU
	EndGlobalSection
	GlobalSection(SolutionProperties) = preSolution
		HideSolutionNode = FALSE
	EndGlobalSection
	GlobalSection(ExtensibilityGlobals) = postSolution
		SolutionGuid = {D8248DA0-1597-418E-B3DA-3EC33A63CA89}
	EndGlobalSection
EndGlobal
